
Microsoft Visual Studio Solution File, Format Version 12.00
# Visual Studio 14
VisualStudioVersion = 14.0.23107.0
MinimumVisualStudioVersion = 10.0.40219.1
Project("{FAE04EC0-301F-11D3-BF4B-00C04F79EFBC}") = "Jira.Web", "Jira\Jira.Web.csproj", "{6C5F8B3F-A37D-4E00-82DF-003589615505}"
EndProject
Project("{FAE04EC0-301F-11D3-BF4B-00C04F79EFBC}") = "Jira.API", "Jira.API\Jira.API.csproj", "{DFC5A5EF-463B-4F77-80E2-31CB79D6793B}"
EndProject
Project("{FAE04EC0-301F-11D3-BF4B-00C04F79EFBC}") = "Jira.Console", "Jira.Console\Jira.Console.csproj", "{1CC5B9A6-4F17-4DC4-BA1D-0074B5E43EB4}"
EndProject
Global
	GlobalSection(SolutionConfigurationPlatforms) = preSolution
		Debug|Any CPU = Debug|Any CPU
		Release|Any CPU = Release|Any CPU
	EndGlobalSection
	GlobalSection(ProjectConfigurationPlatforms) = postSolution
		{6C5F8B3F-A37D-4E00-82DF-003589615505}.Debug|Any CPU.ActiveCfg = Debug|Any CPU
		{6C5F8B3F-A37D-4E00-82DF-003589615505}.Debug|Any CPU.Build.0 = Debug|Any CPU
		{6C5F8B3F-A37D-4E00-82DF-003589615505}.Release|Any CPU.ActiveCfg = Release|Any CPU
		{6C5F8B3F-A37D-4E00-82DF-003589615505}.Release|Any CPU.Build.0 = Release|Any CPU
		{DFC5A5EF-463B-4F77-80E2-31CB79D6793B}.Debug|Any CPU.ActiveCfg = Debug|Any CPU
		{DFC5A5EF-463B-4F77-80E2-31CB79D6793B}.Debug|Any CPU.Build.0 = Debug|Any CPU
		{DFC5A5EF-463B-4F77-80E2-31CB79D6793B}.Release|Any CPU.ActiveCfg = Release|Any CPU
		{DFC5A5EF-463B-4F77-80E2-31CB79D6793B}.Release|Any CPU.Build.0 = Release|Any CPU
		{1CC5B9A6-4F17-4DC4-BA1D-0074B5E43EB4}.Debug|Any CPU.ActiveCfg = Debug|Any CPU
		{1CC5B9A6-4F17-4DC4-BA1D-0074B5E43EB4}.Debug|Any CPU.Build.0 = Debug|Any CPU
		{1CC5B9A6-4F17-4DC4-BA1D-0074B5E43EB4}.Release|Any CPU.ActiveCfg = Release|Any CPU
		{1CC5B9A6-4F17-4DC4-BA1D-0074B5E43EB4}.Release|Any CPU.Build.0 = Release|Any CPU
	EndGlobalSection
	GlobalSection(SolutionProperties) = preSolution
		HideSolutionNode = FALSE
	EndGlobalSection
EndGlobal
